// !$*UTF8*$!
{
	archiveVersion = 1;
	classes = {
	};
	objectVersion = 46;
	objects = {

/* Begin PBXBuildFile section */
		49898BE21BB8CDE300C26F56 /* AppDelegate.swift in Sources */ = {isa = PBXBuildFile; fileRef = 49898BE11BB8CDE300C26F56 /* AppDelegate.swift */; };
		49898BE41BB8CDE300C26F56 /* ViewController.swift in Sources */ = {isa = PBXBuildFile; fileRef = 49898BE31BB8CDE300C26F56 /* ViewController.swift */; };
		49898BE71BB8CDE300C26F56 /* Main.storyboard in Resources */ = {isa = PBXBuildFile; fileRef = 49898BE51BB8CDE300C26F56 /* Main.storyboard */; };
		49898BE91BB8CDE300C26F56 /* Assets.xcassets in Resources */ = {isa = PBXBuildFile; fileRef = 49898BE81BB8CDE300C26F56 /* Assets.xcassets */; };
		49898BEC1BB8CDE300C26F56 /* LaunchScreen.storyboard in Resources */ = {isa = PBXBuildFile; fileRef = 49898BEA1BB8CDE300C26F56 /* LaunchScreen.storyboard */; };
		49898BF71BB8CDE400C26F56 /* TagifaiTests.swift in Sources */ = {isa = PBXBuildFile; fileRef = 49898BF61BB8CDE400C26F56 /* TagifaiTests.swift */; };
		49898C021BB8CDE400C26F56 /* TagifaiUITests.swift in Sources */ = {isa = PBXBuildFile; fileRef = 49898C011BB8CDE400C26F56 /* TagifaiUITests.swift */; };
/* End PBXBuildFile section */

/* Begin PBXContainerItemProxy section */
		49898BF31BB8CDE400C26F56 /* PBXContainerItemProxy */ = {
			isa = PBXContainerItemProxy;
			containerPortal = 49898BD61BB8CDE300C26F56 /* Project object */;
			proxyType = 1;
			remoteGlobalIDString = 49898BDD1BB8CDE300C26F56;
			remoteInfo = Tagifai;
		};
		49898BFE1BB8CDE400C26F56 /* PBXContainerItemProxy */ = {
			isa = PBXContainerItemProxy;
			containerPortal = 49898BD61BB8CDE300C26F56 /* Project object */;
			proxyType = 1;
			remoteGlobalIDString = 49898BDD1BB8CDE300C26F56;
			remoteInfo = Tagifai;
		};
/* End PBXContainerItemProxy section */

/* Begin PBXFileReference section */
		49898BDE1BB8CDE300C26F56 /* Tagifai.app */ = {isa = PBXFileReference; explicitFileType = wrapper.application; includeInIndex = 0; path = Tagifai.app; sourceTree = BUILT_PRODUCTS_DIR; };
		49898BE11BB8CDE300C26F56 /* AppDelegate.swift */ = {isa = PBXFileReference; lastKnownFileType = sourcecode.swift; path = AppDelegate.swift; sourceTree = "<group>"; };
		49898BE31BB8CDE300C26F56 /* ViewController.swift */ = {isa = PBXFileReference; lastKnownFileType = sourcecode.swift; path = ViewController.swift; sourceTree = "<group>"; };
		49898BE61BB8CDE300C26F56 /* Base */ = {isa = PBXFileReference; lastKnownFileType = file.storyboard; name = Base; path = Base.lproj/Main.storyboard; sourceTree = "<group>"; };
		49898BE81BB8CDE300C26F56 /* Assets.xcassets */ = {isa = PBXFileReference; lastKnownFileType = folder.assetcatalog; path = Assets.xcassets; sourceTree = "<group>"; };
		49898BEB1BB8CDE300C26F56 /* Base */ = {isa = PBXFileReference; lastKnownFileType = file.storyboard; name = Base; path = Base.lproj/LaunchScreen.storyboard; sourceTree = "<group>"; };
		49898BED1BB8CDE300C26F56 /* Info.plist */ = {isa = PBXFileReference; lastKnownFileType = text.plist.xml; path = Info.plist; sourceTree = "<group>"; };
		49898BF21BB8CDE400C26F56 /* TagifaiTests.xctest */ = {isa = PBXFileReference; explicitFileType = wrapper.cfbundle; includeInIndex = 0; path = TagifaiTests.xctest; sourceTree = BUILT_PRODUCTS_DIR; };
		49898BF61BB8CDE400C26F56 /* TagifaiTests.swift */ = {isa = PBXFileReference; lastKnownFileType = sourcecode.swift; path = TagifaiTests.swift; sourceTree = "<group>"; };
		49898BF81BB8CDE400C26F56 /* Info.plist */ = {isa = PBXFileReference; lastKnownFileType = text.plist.xml; path = Info.plist; sourceTree = "<group>"; };
		49898BFD1BB8CDE400C26F56 /* TagifaiUITests.xctest */ = {isa = PBXFileReference; explicitFileType = wrapper.cfbundle; includeInIndex = 0; path = TagifaiUITests.xctest; sourceTree = BUILT_PRODUCTS_DIR; };
		49898C011BB8CDE400C26F56 /* TagifaiUITests.swift */ = {isa = PBXFileReference; lastKnownFileType = sourcecode.swift; path = TagifaiUITests.swift; sourceTree = "<group>"; };
		49898C031BB8CDE400C26F56 /* Info.plist */ = {isa = PBXFileReference; lastKnownFileType = text.plist.xml; path = Info.plist; sourceTree = "<group>"; };
/* End PBXFileReference section */

/* Begin PBXFrameworksBuildPhase section */
		49898BDB1BB8CDE300C26F56 /* Frameworks */ = {
			isa = PBXFrameworksBuildPhase;
			buildActionMask = 2147483647;
			files = (
			);
			runOnlyForDeploymentPostprocessing = 0;
		};
		49898BEF1BB8CDE400C26F56 /* Frameworks */ = {
			isa = PBXFrameworksBuildPhase;
			buildActionMask = 2147483647;
			files = (
			);
			runOnlyForDeploymentPostprocessing = 0;
		};
		49898BFA1BB8CDE400C26F56 /* Frameworks */ = {
			isa = PBXFrameworksBuildPhase;
			buildActionMask = 2147483647;
			files = (
			);
			runOnlyForDeploymentPostprocessing = 0;
		};
/* End PBXFrameworksBuildPhase section */

/* Begin PBXGroup section */
		49898BD51BB8CDE300C26F56 = {
			isa = PBXGroup;
			children = (
				49898BE01BB8CDE300C26F56 /* Tagifai */,
				49898BF51BB8CDE400C26F56 /* TagifaiTests */,
				49898C001BB8CDE400C26F56 /* TagifaiUITests */,
				49898BDF1BB8CDE300C26F56 /* Products */,
			);
			sourceTree = "<group>";
		};
		49898BDF1BB8CDE300C26F56 /* Products */ = {
			isa = PBXGroup;
			children = (
				49898BDE1BB8CDE300C26F56 /* Tagifai.app */,
				49898BF21BB8CDE400C26F56 /* TagifaiTests.xctest */,
				49898BFD1BB8CDE400C26F56 /* TagifaiUITests.xctest */,
			);
			name = Products;
			sourceTree = "<group>";
		};
		49898BE01BB8CDE300C26F56 /* Tagifai */ = {
			isa = PBXGroup;
			children = (
				49898BE11BB8CDE300C26F56 /* AppDelegate.swift */,
				49898BE31BB8CDE300C26F56 /* ViewController.swift */,
				49898BE51BB8CDE300C26F56 /* Main.storyboard */,
				49898BE81BB8CDE300C26F56 /* Assets.xcassets */,
				49898BEA1BB8CDE300C26F56 /* LaunchScreen.storyboard */,
				49898BED1BB8CDE300C26F56 /* Info.plist */,
			);
			path = Tagifai;
			sourceTree = "<group>";
		};
		49898BF51BB8CDE400C26F56 /* TagifaiTests */ = {
			isa = PBXGroup;
			children = (
				49898BF61BB8CDE400C26F56 /* TagifaiTests.swift */,
				49898BF81BB8CDE400C26F56 /* Info.plist */,
			);
			path = TagifaiTests;
			sourceTree = "<group>";
		};
		49898C001BB8CDE400C26F56 /* TagifaiUITests */ = {
			isa = PBXGroup;
			children = (
				49898C011BB8CDE400C26F56 /* TagifaiUITests.swift */,
				49898C031BB8CDE400C26F56 /* Info.plist */,
			);
			path = TagifaiUITests;
			sourceTree = "<group>";
		};
/* End PBXGroup section */

/* Begin PBXNativeTarget section */
		49898BDD1BB8CDE300C26F56 /* Tagifai */ = {
			isa = PBXNativeTarget;
			buildConfigurationList = 49898C061BB8CDE400C26F56 /* Build configuration list for PBXNativeTarget "Tagifai" */;
			buildPhases = (
				49898BDA1BB8CDE300C26F56 /* Sources */,
				49898BDB1BB8CDE300C26F56 /* Frameworks */,
				49898BDC1BB8CDE300C26F56 /* Resources */,
			);
			buildRules = (
			);
			dependencies = (
			);
			name = Tagifai;
			productName = Tagifai;
			productReference = 49898BDE1BB8CDE300C26F56 /* Tagifai.app */;
			productType = "com.apple.product-type.application";
		};
		49898BF11BB8CDE400C26F56 /* TagifaiTests */ = {
			isa = PBXNativeTarget;
			buildConfigurationList = 49898C091BB8CDE400C26F56 /* Build configuration list for PBXNativeTarget "TagifaiTests" */;
			buildPhases = (
				49898BEE1BB8CDE400C26F56 /* Sources */,
				49898BEF1BB8CDE400C26F56 /* Frameworks */,
				49898BF01BB8CDE400C26F56 /* Resources */,
			);
			buildRules = (
			);
			dependencies = (
				49898BF41BB8CDE400C26F56 /* PBXTargetDependency */,
			);
			name = TagifaiTests;
			productName = TagifaiTests;
			productReference = 49898BF21BB8CDE400C26F56 /* TagifaiTests.xctest */;
			productType = "com.apple.product-type.bundle.unit-test";
		};
		49898BFC1BB8CDE400C26F56 /* TagifaiUITests */ = {
			isa = PBXNativeTarget;
			buildConfigurationList = 49898C0C1BB8CDE400C26F56 /* Build configuration list for PBXNativeTarget "TagifaiUITests" */;
			buildPhases = (
				49898BF91BB8CDE400C26F56 /* Sources */,
				49898BFA1BB8CDE400C26F56 /* Frameworks */,
				49898BFB1BB8CDE400C26F56 /* Resources */,
			);
			buildRules = (
			);
			dependencies = (
				49898BFF1BB8CDE400C26F56 /* PBXTargetDependency */,
			);
			name = TagifaiUITests;
			productName = TagifaiUITests;
			productReference = 49898BFD1BB8CDE400C26F56 /* TagifaiUITests.xctest */;
			productType = "com.apple.product-type.bundle.ui-testing";
		};
/* End PBXNativeTarget section */

/* Begin PBXProject section */
		49898BD61BB8CDE300C26F56 /* Project object */ = {
			isa = PBXProject;
			attributes = {
				LastUpgradeCheck = 0700;
				ORGANIZATIONNAME = "creative mess";
				TargetAttributes = {
					49898BDD1BB8CDE300C26F56 = {
						CreatedOnToolsVersion = 7.0;
					};
					49898BF11BB8CDE400C26F56 = {
						CreatedOnToolsVersion = 7.0;
						TestTargetID = 49898BDD1BB8CDE300C26F56;
					};
					49898BFC1BB8CDE400C26F56 = {
						CreatedOnToolsVersion = 7.0;
						TestTargetID = 49898BDD1BB8CDE300C26F56;
					};
				};
			};
			buildConfigurationList = 49898BD91BB8CDE300C26F56 /* Build configuration list for PBXProject "Tagifai" */;
			compatibilityVersion = "Xcode 3.2";
			developmentRegion = English;
			hasScannedForEncodings = 0;
			knownRegions = (
				en,
				Base,
			);
			mainGroup = 49898BD51BB8CDE300C26F56;
			productRefGroup = 49898BDF1BB8CDE300C26F56 /* Products */;
			projectDirPath = "";
			projectRoot = "";
			targets = (
				49898BDD1BB8CDE300C26F56 /* Tagifai */,
				49898BF11BB8CDE400C26F56 /* TagifaiTests */,
				49898BFC1BB8CDE400C26F56 /* TagifaiUITests */,
			);
		};
/* End PBXProject section */

/* Begin PBXResourcesBuildPhase section */
		49898BDC1BB8CDE300C26F56 /* Resources */ = {
			isa = PBXResourcesBuildPhase;
			buildActionMask = 2147483647;
			files = (
				49898BEC1BB8CDE300C26F56 /* LaunchScreen.storyboard in Resources */,
				49898BE91BB8CDE300C26F56 /* Assets.xcassets in Resources */,
				49898BE71BB8CDE300C26F56 /* Main.storyboard in Resources */,
			);
			runOnlyForDeploymentPostprocessing = 0;
		};
		49898BF01BB8CDE400C26F56 /* Resources */ = {
			isa = PBXResourcesBuildPhase;
			buildActionMask = 2147483647;
			files = (
			);
			runOnlyForDeploymentPostprocessing = 0;
		};
		49898BFB1BB8CDE400C26F56 /* Resources */ = {
			isa = PBXResourcesBuildPhase;
			buildActionMask = 2147483647;
			files = (
			);
			runOnlyForDeploymentPostprocessing = 0;
		};
/* End PBXResourcesBuildPhase section */

/* Begin PBXSourcesBuildPhase section */
		49898BDA1BB8CDE300C26F56 /* Sources */ = {
			isa = PBXSourcesBuildPhase;
			buildActionMask = 2147483647;
			files = (
				49898BE41BB8CDE300C26F56 /* ViewController.swift in Sources */,
				49898BE21BB8CDE300C26F56 /* AppDelegate.swift in Sources */,
			);
			runOnlyForDeploymentPostprocessing = 0;
		};
		49898BEE1BB8CDE400C26F56 /* Sources */ = {
			isa = PBXSourcesBuildPhase;
			buildActionMask = 2147483647;
			files = (
				49898BF71BB8CDE400C26F56 /* TagifaiTests.swift in Sources */,
			);
			runOnlyForDeploymentPostprocessing = 0;
		};
		49898BF91BB8CDE400C26F56 /* Sources */ = {
			isa = PBXSourcesBuildPhase;
			buildActionMask = 2147483647;
			files = (
				49898C021BB8CDE400C26F56 /* TagifaiUITests.swift in Sources */,
			);
			runOnlyForDeploymentPostprocessing = 0;
		};
/* End PBXSourcesBuildPhase section */

/* Begin PBXTargetDependency section */
		49898BF41BB8CDE400C26F56 /* PBXTargetDependency */ = {
			isa = PBXTargetDependency;
			target = 49898BDD1BB8CDE300C26F56 /* Tagifai */;
			targetProxy = 49898BF31BB8CDE400C26F56 /* PBXContainerItemProxy */;
		};
		49898BFF1BB8CDE400C26F56 /* PBXTargetDependency */ = {
			isa = PBXTargetDependency;
			target = 49898BDD1BB8CDE300C26F56 /* Tagifai */;
			targetProxy = 49898BFE1BB8CDE400C26F56 /* PBXContainerItemProxy */;
		};
/* End PBXTargetDependency section */

/* Begin PBXVariantGroup section */
		49898BE51BB8CDE300C26F56 /* Main.storyboard */ = {
			isa = PBXVariantGroup;
			children = (
				49898BE61BB8CDE300C26F56 /* Base */,
			);
			name = Main.storyboard;
			sourceTree = "<group>";
		};
		49898BEA1BB8CDE300C26F56 /* LaunchScreen.storyboard */ = {
			isa = PBXVariantGroup;
			children = (
				49898BEB1BB8CDE300C26F56 /* Base */,
			);
			name = LaunchScreen.storyboard;
			sourceTree = "<group>";
		};
/* End PBXVariantGroup section */

/* Begin XCBuildConfiguration section */
		49898C041BB8CDE400C26F56 /* Debug */ = {
			isa = XCBuildConfiguration;
			buildSettings = {
				ALWAYS_SEARCH_USER_PATHS = NO;
				CLANG_CXX_LANGUAGE_STANDARD = "gnu++0x";
				CLANG_CXX_LIBRARY = "libc++";
				CLANG_ENABLE_MODULES = YES;
				CLANG_ENABLE_OBJC_ARC = YES;
				CLANG_WARN_BOOL_CONVERSION = YES;
				CLANG_WARN_CONSTANT_CONVERSION = YES;
				CLANG_WARN_DIRECT_OBJC_ISA_USAGE = YES_ERROR;
				CLANG_WARN_EMPTY_BODY = YES;
				CLANG_WARN_ENUM_CONVERSION = YES;
				CLANG_WARN_INT_CONVERSION = YES;
				CLANG_WARN_OBJC_ROOT_CLASS = YES_ERROR;
				CLANG_WARN_UNREACHABLE_CODE = YES;
				CLANG_WARN__DUPLICATE_METHOD_MATCH = YES;
				"CODE_SIGN_IDENTITY[sdk=iphoneos*]" = "iPhone Developer";
				COPY_PHASE_STRIP = NO;
				DEBUG_INFORMATION_FORMAT = dwarf;
				ENABLE_STRICT_OBJC_MSGSEND = YES;
				ENABLE_TESTABILITY = YES;
				GCC_C_LANGUAGE_STANDARD = gnu99;
				GCC_DYNAMIC_NO_PIC = NO;
				GCC_NO_COMMON_BLOCKS = YES;
				GCC_OPTIMIZATION_LEVEL = 0;
				GCC_PREPROCESSOR_DEFINITIONS = (
					"DEBUG=1",
					"$(inherited)",
				);
				GCC_WARN_64_TO_32_BIT_CONVERSION = YES;
				GCC_WARN_ABOUT_RETURN_TYPE = YES_ERROR;
				GCC_WARN_UNDECLARED_SELECTOR = YES;
				GCC_WARN_UNINITIALIZED_AUTOS = YES_AGGRESSIVE;
				GCC_WARN_UNUSED_FUNCTION = YES;
				GCC_WARN_UNUSED_VARIABLE = YES;
				IPHONEOS_DEPLOYMENT_TARGET = 9.0;
				MTL_ENABLE_DEBUG_INFO = YES;
				ONLY_ACTIVE_ARCH = YES;
				SDKROOT = iphoneos;
				SWIFT_OPTIMIZATION_LEVEL = "-Onone";
			};
			name = Debug;
		};
		49898C051BB8CDE400C26F56 /* Release */ = {
			isa = XCBuildConfiguration;
			buildSettings = {
				ALWAYS_SEARCH_USER_PATHS = NO;
				CLANG_CXX_LANGUAGE_STANDARD = "gnu++0x";
				CLANG_CXX_LIBRARY = "libc++";
				CLANG_ENABLE_MODULES = YES;
				CLANG_ENABLE_OBJC_ARC = YES;
				CLANG_WARN_BOOL_CONVERSION = YES;
				CLANG_WARN_CONSTANT_CONVERSION = YES;
				CLANG_WARN_DIRECT_OBJC_ISA_USAGE = YES_ERROR;
				CLANG_WARN_EMPTY_BODY = YES;
				CLANG_WARN_ENUM_CONVERSION = YES;
				CLANG_WARN_INT_CONVERSION = YES;
				CLANG_WARN_OBJC_ROOT_CLASS = YES_ERROR;
				CLANG_WARN_UNREACHABLE_CODE = YES;
				CLANG_WARN__DUPLICATE_METHOD_MATCH = YES;
				"CODE_SIGN_IDENTITY[sdk=iphoneos*]" = "iPhone Developer";
				COPY_PHASE_STRIP = NO;
				DEBUG_INFORMATION_FORMAT = "dwarf-with-dsym";
				ENABLE_NS_ASSERTIONS = NO;
				ENABLE_STRICT_OBJC_MSGSEND = YES;
				GCC_C_LANGUAGE_STANDARD = gnu99;
				GCC_NO_COMMON_BLOCKS = YES;
				GCC_WARN_64_TO_32_BIT_CONVERSION = YES;
				GCC_WARN_ABOUT_RETURN_TYPE = YES_ERROR;
				GCC_WARN_UNDECLARED_SELECTOR = YES;
				GCC_WARN_UNINITIALIZED_AUTOS = YES_AGGRESSIVE;
				GCC_WARN_UNUSED_FUNCTION = YES;
				GCC_WARN_UNUSED_VARIABLE = YES;
				IPHONEOS_DEPLOYMENT_TARGET = 9.0;
				MTL_ENABLE_DEBUG_INFO = NO;
				SDKROOT = iphoneos;
				VALIDATE_PRODUCT = YES;
			};
			name = Release;
		};
		49898C071BB8CDE400C26F56 /* Debug */ = {
			isa = XCBuildConfiguration;
			buildSettings = {
				ASSETCATALOG_COMPILER_APPICON_NAME = AppIcon;
				INFOPLIST_FILE = Tagifai/Info.plist;
				LD_RUNPATH_SEARCH_PATHS = "$(inherited) @executable_path/Frameworks";
				PRODUCT_BUNDLE_IDENTIFIER = com.creativemess.Tagifai;
				PRODUCT_NAME = "$(TARGET_NAME)";
			};
			name = Debug;
		};
		49898C081BB8CDE400C26F56 /* Release */ = {
			isa = XCBuildConfiguration;
			buildSettings = {
				ASSETCATALOG_COMPILER_APPICON_NAME = AppIcon;
				INFOPLIST_FILE = Tagifai/Info.plist;
				LD_RUNPATH_SEARCH_PATHS = "$(inherited) @executable_path/Frameworks";
				PRODUCT_BUNDLE_IDENTIFIER = com.creativemess.Tagifai;
				PRODUCT_NAME = "$(TARGET_NAME)";
			};
			name = Release;
		};
		49898C0A1BB8CDE400C26F56 /* Debug */ = {
			isa = XCBuildConfiguration;
			buildSettings = {
				BUNDLE_LOADER = "$(TEST_HOST)";
				INFOPLIST_FILE = TagifaiTests/Info.plist;
				LD_RUNPATH_SEARCH_PATHS = "$(inherited) @executable_path/Frameworks @loader_path/Frameworks";
				PRODUCT_BUNDLE_IDENTIFIER = com.creativemess.TagifaiTests;
				PRODUCT_NAME = "$(TARGET_NAME)";
				TEST_HOST = "$(BUILT_PRODUCTS_DIR)/Tagifai.app/Tagifai";
			};
			name = Debug;
		};
		49898C0B1BB8CDE400C26F56 /* Release */ = {
			isa = XCBuildConfiguration;
			buildSettings = {
				BUNDLE_LOADER = "$(TEST_HOST)";
				INFOPLIST_FILE = TagifaiTests/Info.plist;
				LD_RUNPATH_SEARCH_PATHS = "$(inherited) @executable_path/Frameworks @loader_path/Frameworks";
				PRODUCT_BUNDLE_IDENTIFIER = com.creativemess.TagifaiTests;
				PRODUCT_NAME = "$(TARGET_NAME)";
				TEST_HOST = "$(BUILT_PRODUCTS_DIR)/Tagifai.app/Tagifai";
			};
			name = Release;
		};
		49898C0D1BB8CDE400C26F56 /* Debug */ = {
			isa = XCBuildConfiguration;
			buildSettings = {
				INFOPLIST_FILE = TagifaiUITests/Info.plist;
				LD_RUNPATH_SEARCH_PATHS = "$(inherited) @executable_path/Frameworks @loader_path/Frameworks";
				PRODUCT_BUNDLE_IDENTIFIER = com.creativemess.TagifaiUITests;
				PRODUCT_NAME = "$(TARGET_NAME)";
				TEST_TARGET_NAME = Tagifai;
				USES_XCTRUNNER = YES;
			};
			name = Debug;
		};
		49898C0E1BB8CDE400C26F56 /* Release */ = {
			isa = XCBuildConfiguration;
			buildSettings = {
				INFOPLIST_FILE = TagifaiUITests/Info.plist;
				LD_RUNPATH_SEARCH_PATHS = "$(inherited) @executable_path/Frameworks @loader_path/Frameworks";
				PRODUCT_BUNDLE_IDENTIFIER = com.creativemess.TagifaiUITests;
				PRODUCT_NAME = "$(TARGET_NAME)";
				TEST_TARGET_NAME = Tagifai;
				USES_XCTRUNNER = YES;
			};
			name = Release;
		};
/* End XCBuildConfiguration section */

/* Begin XCConfigurationList section */
		49898BD91BB8CDE300C26F56 /* Build configuration list for PBXProject "Tagifai" */ = {
			isa = XCConfigurationList;
			buildConfigurations = (
				49898C041BB8CDE400C26F56 /* Debug */,
				49898C051BB8CDE400C26F56 /* Release */,
			);
			defaultConfigurationIsVisible = 0;
			defaultConfigurationName = Release;
		};
		49898C061BB8CDE400C26F56 /* Build configuration list for PBXNativeTarget "Tagifai" */ = {
			isa = XCConfigurationList;
			buildConfigurations = (
				49898C071BB8CDE400C26F56 /* Debug */,
				49898C081BB8CDE400C26F56 /* Release */,
			);
			defaultConfigurationIsVisible = 0;
			defaultConfigurationName = Release;
		};
		49898C091BB8CDE400C26F56 /* Build configuration list for PBXNativeTarget "TagifaiTests" */ = {
			isa = XCConfigurationList;
			buildConfigurations = (
				49898C0A1BB8CDE400C26F56 /* Debug */,
				49898C0B1BB8CDE400C26F56 /* Release */,
			);
			defaultConfigurationIsVisible = 0;
			defaultConfigurationName = Release;
		};
		49898C0C1BB8CDE400C26F56 /* Build configuration list for PBXNativeTarget "TagifaiUITests" */ = {
			isa = XCConfigurationList;
			buildConfigurations = (
				49898C0D1BB8CDE400C26F56 /* Debug */,
				49898C0E1BB8CDE400C26F56 /* Release */,
			);
			defaultConfigurationIsVisible = 0;
			defaultConfigurationName = Release;
		};
/* End XCConfigurationList section */
	};
	rootObject = 49898BD61BB8CDE300C26F56 /* Project object */;
}
